// !$*UTF8*$!
{
	archiveVersion = 1;
	classes = {
	};
	objectVersion = 50;
	objects = {

/* Begin PBXBuildFile section */
		0EB379D920D0BD6D009BD15B /* AppDelegate.m in Sources */ = {isa = PBXBuildFile; fileRef = 0EB379D820D0BD6D009BD15B /* AppDelegate.m */; };
		0EB379DC20D0BD6D009BD15B /* ViewController.m in Sources */ = {isa = PBXBuildFile; fileRef = 0EB379DB20D0BD6D009BD15B /* ViewController.m */; };
		0EB379DF20D0BD6D009BD15B /* Main.storyboard in Resources */ = {isa = PBXBuildFile; fileRef = 0EB379DD20D0BD6D009BD15B /* Main.storyboard */; };
		0EB379E120D0BD6E009BD15B /* Assets.xcassets in Resources */ = {isa = PBXBuildFile; fileRef = 0EB379E020D0BD6E009BD15B /* Assets.xcassets */; };
		0EB379E420D0BD6E009BD15B /* LaunchScreen.storyboard in Resources */ = {isa = PBXBuildFile; fileRef = 0EB379E220D0BD6E009BD15B /* LaunchScreen.storyboard */; };
		0EB379E720D0BD6E009BD15B /* main.m in Sources */ = {isa = PBXBuildFile; fileRef = 0EB379E620D0BD6E009BD15B /* main.m */; };
		0EB379F120D0BD6E009BD15B /* DecoratorPatternTests.m in Sources */ = {isa = PBXBuildFile; fileRef = 0EB379F020D0BD6E009BD15B /* DecoratorPatternTests.m */; };
		0EB379FC20D0BD6E009BD15B /* DecoratorPatternUITests.m in Sources */ = {isa = PBXBuildFile; fileRef = 0EB379FB20D0BD6E009BD15B /* DecoratorPatternUITests.m */; };
		0EB37A0B20D0F554009BD15B /* GamePad.m in Sources */ = {isa = PBXBuildFile; fileRef = 0EB37A0A20D0F554009BD15B /* GamePad.m */; };
		0EB37A0E20D0F950009BD15B /* GamePadDecorator.m in Sources */ = {isa = PBXBuildFile; fileRef = 0EB37A0D20D0F950009BD15B /* GamePadDecorator.m */; };
		0EB37A1120D0FF29009BD15B /* CheatGamePadDecorator.m in Sources */ = {isa = PBXBuildFile; fileRef = 0EB37A1020D0FF29009BD15B /* CheatGamePadDecorator.m */; };
		0EB37A1420D0FFC1009BD15B /* CoinGamePadDecorator.m in Sources */ = {isa = PBXBuildFile; fileRef = 0EB37A1320D0FFC1009BD15B /* CoinGamePadDecorator.m */; };
/* End PBXBuildFile section */

/* Begin PBXContainerItemProxy section */
		0EB379ED20D0BD6E009BD15B /* PBXContainerItemProxy */ = {
			isa = PBXContainerItemProxy;
			containerPortal = 0EB379CC20D0BD6D009BD15B /* Project object */;
			proxyType = 1;
			remoteGlobalIDString = 0EB379D320D0BD6D009BD15B;
			remoteInfo = DecoratorPattern;
		};
		0EB379F820D0BD6E009BD15B /* PBXContainerItemProxy */ = {
			isa = PBXContainerItemProxy;
			containerPortal = 0EB379CC20D0BD6D009BD15B /* Project object */;
			proxyType = 1;
			remoteGlobalIDString = 0EB379D320D0BD6D009BD15B;
			remoteInfo = DecoratorPattern;
		};
/* End PBXContainerItemProxy section */

/* Begin PBXFileReference section */
		0EB379D420D0BD6D009BD15B /* DecoratorPattern.app */ = {isa = PBXFileReference; explicitFileType = wrapper.application; includeInIndex = 0; path = DecoratorPattern.app; sourceTree = BUILT_PRODUCTS_DIR; };
		0EB379D720D0BD6D009BD15B /* AppDelegate.h */ = {isa = PBXFileReference; lastKnownFileType = sourcecode.c.h; path = AppDelegate.h; sourceTree = "<group>"; };
		0EB379D820D0BD6D009BD15B /* AppDelegate.m */ = {isa = PBXFileReference; lastKnownFileType = sourcecode.c.objc; path = AppDelegate.m; sourceTree = "<group>"; };
		0EB379DA20D0BD6D009BD15B /* ViewController.h */ = {isa = PBXFileReference; lastKnownFileType = sourcecode.c.h; path = ViewController.h; sourceTree = "<group>"; };
		0EB379DB20D0BD6D009BD15B /* ViewController.m */ = {isa = PBXFileReference; lastKnownFileType = sourcecode.c.objc; path = ViewController.m; sourceTree = "<group>"; };
		0EB379DE20D0BD6D009BD15B /* Base */ = {isa = PBXFileReference; lastKnownFileType = file.storyboard; name = Base; path = Base.lproj/Main.storyboard; sourceTree = "<group>"; };
		0EB379E020D0BD6E009BD15B /* Assets.xcassets */ = {isa = PBXFileReference; lastKnownFileType = folder.assetcatalog; path = Assets.xcassets; sourceTree = "<group>"; };
		0EB379E320D0BD6E009BD15B /* Base */ = {isa = PBXFileReference; lastKnownFileType = file.storyboard; name = Base; path = Base.lproj/LaunchScreen.storyboard; sourceTree = "<group>"; };
		0EB379E520D0BD6E009BD15B /* Info.plist */ = {isa = PBXFileReference; lastKnownFileType = text.plist.xml; path = Info.plist; sourceTree = "<group>"; };
		0EB379E620D0BD6E009BD15B /* main.m */ = {isa = PBXFileReference; lastKnownFileType = sourcecode.c.objc; path = main.m; sourceTree = "<group>"; };
		0EB379EC20D0BD6E009BD15B /* DecoratorPatternTests.xctest */ = {isa = PBXFileReference; explicitFileType = wrapper.cfbundle; includeInIndex = 0; path = DecoratorPatternTests.xctest; sourceTree = BUILT_PRODUCTS_DIR; };
		0EB379F020D0BD6E009BD15B /* DecoratorPatternTests.m */ = {isa = PBXFileReference; lastKnownFileType = sourcecode.c.objc; path = DecoratorPatternTests.m; sourceTree = "<group>"; };
		0EB379F220D0BD6E009BD15B /* Info.plist */ = {isa = PBXFileReference; lastKnownFileType = text.plist.xml; path = Info.plist; sourceTree = "<group>"; };
		0EB379F720D0BD6E009BD15B /* DecoratorPatternUITests.xctest */ = {isa = PBXFileReference; explicitFileType = wrapper.cfbundle; includeInIndex = 0; path = DecoratorPatternUITests.xctest; sourceTree = BUILT_PRODUCTS_DIR; };
		0EB379FB20D0BD6E009BD15B /* DecoratorPatternUITests.m */ = {isa = PBXFileReference; lastKnownFileType = sourcecode.c.objc; path = DecoratorPatternUITests.m; sourceTree = "<group>"; };
		0EB379FD20D0BD6E009BD15B /* Info.plist */ = {isa = PBXFileReference; lastKnownFileType = text.plist.xml; path = Info.plist; sourceTree = "<group>"; };
		0EB37A0920D0F554009BD15B /* GamePad.h */ = {isa = PBXFileReference; lastKnownFileType = sourcecode.c.h; path = GamePad.h; sourceTree = "<group>"; };
		0EB37A0A20D0F554009BD15B /* GamePad.m */ = {isa = PBXFileReference; lastKnownFileType = sourcecode.c.objc; path = GamePad.m; sourceTree = "<group>"; };
		0EB37A0C20D0F950009BD15B /* GamePadDecorator.h */ = {isa = PBXFileReference; lastKnownFileType = sourcecode.c.h; path = GamePadDecorator.h; sourceTree = "<group>"; };
		0EB37A0D20D0F950009BD15B /* GamePadDecorator.m */ = {isa = PBXFileReference; lastKnownFileType = sourcecode.c.objc; path = GamePadDecorator.m; sourceTree = "<group>"; };
		0EB37A0F20D0FF29009BD15B /* CheatGamePadDecorator.h */ = {isa = PBXFileReference; lastKnownFileType = sourcecode.c.h; path = CheatGamePadDecorator.h; sourceTree = "<group>"; };
		0EB37A1020D0FF29009BD15B /* CheatGamePadDecorator.m */ = {isa = PBXFileReference; lastKnownFileType = sourcecode.c.objc; path = CheatGamePadDecorator.m; sourceTree = "<group>"; };
		0EB37A1220D0FFC1009BD15B /* CoinGamePadDecorator.h */ = {isa = PBXFileReference; lastKnownFileType = sourcecode.c.h; path = CoinGamePadDecorator.h; sourceTree = "<group>"; };
		0EB37A1320D0FFC1009BD15B /* CoinGamePadDecorator.m */ = {isa = PBXFileReference; lastKnownFileType = sourcecode.c.objc; path = CoinGamePadDecorator.m; sourceTree = "<group>"; };
/* End PBXFileReference section */

/* Begin PBXFrameworksBuildPhase section */
		0EB379D120D0BD6D009BD15B /* Frameworks */ = {
			isa = PBXFrameworksBuildPhase;
			buildActionMask = 2147483647;
			files = (
			);
			runOnlyForDeploymentPostprocessing = 0;
		};
		0EB379E920D0BD6E009BD15B /* Frameworks */ = {
			isa = PBXFrameworksBuildPhase;
			buildActionMask = 2147483647;
			files = (
			);
			runOnlyForDeploymentPostprocessing = 0;
		};
		0EB379F420D0BD6E009BD15B /* Frameworks */ = {
			isa = PBXFrameworksBuildPhase;
			buildActionMask = 2147483647;
			files = (
			);
			runOnlyForDeploymentPostprocessing = 0;
		};
/* End PBXFrameworksBuildPhase section */

/* Begin PBXGroup section */
		0EB379CB20D0BD6D009BD15B = {
			isa = PBXGroup;
			children = (
				0EB379D620D0BD6D009BD15B /* DecoratorPattern */,
				0EB379EF20D0BD6E009BD15B /* DecoratorPatternTests */,
				0EB379FA20D0BD6E009BD15B /* DecoratorPatternUITests */,
				0EB379D520D0BD6D009BD15B /* Products */,
			);
			sourceTree = "<group>";
		};
		0EB379D520D0BD6D009BD15B /* Products */ = {
			isa = PBXGroup;
			children = (
				0EB379D420D0BD6D009BD15B /* DecoratorPattern.app */,
				0EB379EC20D0BD6E009BD15B /* DecoratorPatternTests.xctest */,
				0EB379F720D0BD6E009BD15B /* DecoratorPatternUITests.xctest */,
			);
			name = Products;
			sourceTree = "<group>";
		};
		0EB379D620D0BD6D009BD15B /* DecoratorPattern */ = {
			isa = PBXGroup;
			children = (
				0EB379D720D0BD6D009BD15B /* AppDelegate.h */,
				0EB379D820D0BD6D009BD15B /* AppDelegate.m */,
				0EB379DA20D0BD6D009BD15B /* ViewController.h */,
				0EB379DB20D0BD6D009BD15B /* ViewController.m */,
				0EB37A0920D0F554009BD15B /* GamePad.h */,
				0EB37A0A20D0F554009BD15B /* GamePad.m */,
				0EB37A0C20D0F950009BD15B /* GamePadDecorator.h */,
				0EB37A0D20D0F950009BD15B /* GamePadDecorator.m */,
				0EB37A0F20D0FF29009BD15B /* CheatGamePadDecorator.h */,
				0EB37A1020D0FF29009BD15B /* CheatGamePadDecorator.m */,
				0EB37A1220D0FFC1009BD15B /* CoinGamePadDecorator.h */,
				0EB37A1320D0FFC1009BD15B /* CoinGamePadDecorator.m */,
				0EB379DD20D0BD6D009BD15B /* Main.storyboard */,
				0EB379E020D0BD6E009BD15B /* Assets.xcassets */,
				0EB379E220D0BD6E009BD15B /* LaunchScreen.storyboard */,
				0EB379E520D0BD6E009BD15B /* Info.plist */,
				0EB379E620D0BD6E009BD15B /* main.m */,
			);
			path = DecoratorPattern;
			sourceTree = "<group>";
		};
		0EB379EF20D0BD6E009BD15B /* DecoratorPatternTests */ = {
			isa = PBXGroup;
			children = (
				0EB379F020D0BD6E009BD15B /* DecoratorPatternTests.m */,
				0EB379F220D0BD6E009BD15B /* Info.plist */,
			);
			path = DecoratorPatternTests;
			sourceTree = "<group>";
		};
		0EB379FA20D0BD6E009BD15B /* DecoratorPatternUITests */ = {
			isa = PBXGroup;
			children = (
				0EB379FB20D0BD6E009BD15B /* DecoratorPatternUITests.m */,
				0EB379FD20D0BD6E009BD15B /* Info.plist */,
			);
			path = DecoratorPatternUITests;
			sourceTree = "<group>";
		};
/* End PBXGroup section */

/* Begin PBXNativeTarget section */
		0EB379D320D0BD6D009BD15B /* DecoratorPattern */ = {
			isa = PBXNativeTarget;
			buildConfigurationList = 0EB37A0020D0BD6E009BD15B /* Build configuration list for PBXNativeTarget "DecoratorPattern" */;
			buildPhases = (
				0EB379D020D0BD6D009BD15B /* Sources */,
				0EB379D120D0BD6D009BD15B /* Frameworks */,
				0EB379D220D0BD6D009BD15B /* Resources */,
			);
			buildRules = (
			);
			dependencies = (
			);
			name = DecoratorPattern;
			productName = DecoratorPattern;
			productReference = 0EB379D420D0BD6D009BD15B /* DecoratorPattern.app */;
			productType = "com.apple.product-type.application";
		};
		0EB379EB20D0BD6E009BD15B /* DecoratorPatternTests */ = {
			isa = PBXNativeTarget;
			buildConfigurationList = 0EB37A0320D0BD6E009BD15B /* Build configuration list for PBXNativeTarget "DecoratorPatternTests" */;
			buildPhases = (
				0EB379E820D0BD6E009BD15B /* Sources */,
				0EB379E920D0BD6E009BD15B /* Frameworks */,
				0EB379EA20D0BD6E009BD15B /* Resources */,
			);
			buildRules = (
			);
			dependencies = (
				0EB379EE20D0BD6E009BD15B /* PBXTargetDependency */,
			);
			name = DecoratorPatternTests;
			productName = DecoratorPatternTests;
			productReference = 0EB379EC20D0BD6E009BD15B /* DecoratorPatternTests.xctest */;
			productType = "com.apple.product-type.bundle.unit-test";
		};
		0EB379F620D0BD6E009BD15B /* DecoratorPatternUITests */ = {
			isa = PBXNativeTarget;
			buildConfigurationList = 0EB37A0620D0BD6E009BD15B /* Build configuration list for PBXNativeTarget "DecoratorPatternUITests" */;
			buildPhases = (
				0EB379F320D0BD6E009BD15B /* Sources */,
				0EB379F420D0BD6E009BD15B /* Frameworks */,
				0EB379F520D0BD6E009BD15B /* Resources */,
			);
			buildRules = (
			);
			dependencies = (
				0EB379F920D0BD6E009BD15B /* PBXTargetDependency */,
			);
			name = DecoratorPatternUITests;
			productName = DecoratorPatternUITests;
			productReference = 0EB379F720D0BD6E009BD15B /* DecoratorPatternUITests.xctest */;
			productType = "com.apple.product-type.bundle.ui-testing";
		};
/* End PBXNativeTarget section */

/* Begin PBXProject section */
		0EB379CC20D0BD6D009BD15B /* Project object */ = {
			isa = PBXProject;
			attributes = {
				LastUpgradeCheck = 0940;
				ORGANIZATIONNAME = HelloAda;
				TargetAttributes = {
					0EB379D320D0BD6D009BD15B = {
						CreatedOnToolsVersion = 9.4;
					};
					0EB379EB20D0BD6E009BD15B = {
						CreatedOnToolsVersion = 9.4;
						TestTargetID = 0EB379D320D0BD6D009BD15B;
					};
					0EB379F620D0BD6E009BD15B = {
						CreatedOnToolsVersion = 9.4;
						TestTargetID = 0EB379D320D0BD6D009BD15B;
					};
				};
			};
			buildConfigurationList = 0EB379CF20D0BD6D009BD15B /* Build configuration list for PBXProject "DecoratorPattern" */;
			compatibilityVersion = "Xcode 9.3";
			developmentRegion = en;
			hasScannedForEncodings = 0;
			knownRegions = (
				en,
				Base,
			);
			mainGroup = 0EB379CB20D0BD6D009BD15B;
			productRefGroup = 0EB379D520D0BD6D009BD15B /* Products */;
			projectDirPath = "";
			projectRoot = "";
			targets = (
				0EB379D320D0BD6D009BD15B /* DecoratorPattern */,
				0EB379EB20D0BD6E009BD15B /* DecoratorPatternTests */,
				0EB379F620D0BD6E009BD15B /* DecoratorPatternUITests */,
			);
		};
/* End PBXProject section */

/* Begin PBXResourcesBuildPhase section */
		0EB379D220D0BD6D009BD15B /* Resources */ = {
			isa = PBXResourcesBuildPhase;
			buildActionMask = 2147483647;
			files = (
				0EB379E420D0BD6E009BD15B /* LaunchScreen.storyboard in Resources */,
				0EB379E120D0BD6E009BD15B /* Assets.xcassets in Resources */,
				0EB379DF20D0BD6D009BD15B /* Main.storyboard in Resources */,
			);
			runOnlyForDeploymentPostprocessing = 0;
		};
		0EB379EA20D0BD6E009BD15B /* Resources */ = {
			isa = PBXResourcesBuildPhase;
			buildActionMask = 2147483647;
			files = (
			);
			runOnlyForDeploymentPostprocessing = 0;
		};
		0EB379F520D0BD6E009BD15B /* Resources */ = {
			isa = PBXResourcesBuildPhase;
			buildActionMask = 2147483647;
			files = (
			);
			runOnlyForDeploymentPostprocessing = 0;
		};
/* End PBXResourcesBuildPhase section */

/* Begin PBXSourcesBuildPhase section */
		0EB379D020D0BD6D009BD15B /* Sources */ = {
			isa = PBXSourcesBuildPhase;
			buildActionMask = 2147483647;
			files = (
				0EB37A0E20D0F950009BD15B /* GamePadDecorator.m in Sources */,
				0EB379DC20D0BD6D009BD15B /* ViewController.m in Sources */,
				0EB379E720D0BD6E009BD15B /* main.m in Sources */,
				0EB379D920D0BD6D009BD15B /* AppDelegate.m in Sources */,
				0EB37A0B20D0F554009BD15B /* GamePad.m in Sources */,
				0EB37A1420D0FFC1009BD15B /* CoinGamePadDecorator.m in Sources */,
				0EB37A1120D0FF29009BD15B /* CheatGamePadDecorator.m in Sources */,
			);
			runOnlyForDeploymentPostprocessing = 0;
		};
		0EB379E820D0BD6E009BD15B /* Sources */ = {
			isa = PBXSourcesBuildPhase;
			buildActionMask = 2147483647;
			files = (
				0EB379F120D0BD6E009BD15B /* DecoratorPatternTests.m in Sources */,
			);
			runOnlyForDeploymentPostprocessing = 0;
		};
		0EB379F320D0BD6E009BD15B /* Sources */ = {
			isa = PBXSourcesBuildPhase;
			buildActionMask = 2147483647;
			files = (
				0EB379FC20D0BD6E009BD15B /* DecoratorPatternUITests.m in Sources */,
			);
			runOnlyForDeploymentPostprocessing = 0;
		};
/* End PBXSourcesBuildPhase section */

/* Begin PBXTargetDependency section */
		0EB379EE20D0BD6E009BD15B /* PBXTargetDependency */ = {
			isa = PBXTargetDependency;
			target = 0EB379D320D0BD6D009BD15B /* DecoratorPattern */;
			targetProxy = 0EB379ED20D0BD6E009BD15B /* PBXContainerItemProxy */;
		};
		0EB379F920D0BD6E009BD15B /* PBXTargetDependency */ = {
			isa = PBXTargetDependency;
			target = 0EB379D320D0BD6D009BD15B /* DecoratorPattern */;
			targetProxy = 0EB379F820D0BD6E009BD15B /* PBXContainerItemProxy */;
		};
/* End PBXTargetDependency section */

/* Begin PBXVariantGroup section */
		0EB379DD20D0BD6D009BD15B /* Main.storyboard */ = {
			isa = PBXVariantGroup;
			children = (
				0EB379DE20D0BD6D009BD15B /* Base */,
			);
			name = Main.storyboard;
			sourceTree = "<group>";
		};
		0EB379E220D0BD6E009BD15B /* LaunchScreen.storyboard */ = {
			isa = PBXVariantGroup;
			children = (
				0EB379E320D0BD6E009BD15B /* Base */,
			);
			name = LaunchScreen.storyboard;
			sourceTree = "<group>";
		};
/* End PBXVariantGroup section */

/* Begin XCBuildConfiguration section */
		0EB379FE20D0BD6E009BD15B /* Debug */ = {
			isa = XCBuildConfiguration;
			buildSettings = {
				ALWAYS_SEARCH_USER_PATHS = NO;
				CLANG_ANALYZER_NONNULL = YES;
				CLANG_ANALYZER_NUMBER_OBJECT_CONVERSION = YES_AGGRESSIVE;
				CLANG_CXX_LANGUAGE_STANDARD = "gnu++14";
				CLANG_CXX_LIBRARY = "libc++";
				CLANG_ENABLE_MODULES = YES;
				CLANG_ENABLE_OBJC_ARC = YES;
				CLANG_ENABLE_OBJC_WEAK = YES;
				CLANG_WARN_BLOCK_CAPTURE_AUTORELEASING = YES;
				CLANG_WARN_BOOL_CONVERSION = YES;
				CLANG_WARN_COMMA = YES;
				CLANG_WARN_CONSTANT_CONVERSION = YES;
				CLANG_WARN_DEPRECATED_OBJC_IMPLEMENTATIONS = YES;
				CLANG_WARN_DIRECT_OBJC_ISA_USAGE = YES_ERROR;
				CLANG_WARN_DOCUMENTATION_COMMENTS = YES;
				CLANG_WARN_EMPTY_BODY = YES;
				CLANG_WARN_ENUM_CONVERSION = YES;
				CLANG_WARN_INFINITE_RECURSION = YES;
				CLANG_WARN_INT_CONVERSION = YES;
				CLANG_WARN_NON_LITERAL_NULL_CONVERSION = YES;
				CLANG_WARN_OBJC_IMPLICIT_RETAIN_SELF = YES;
				CLANG_WARN_OBJC_LITERAL_CONVERSION = YES;
				CLANG_WARN_OBJC_ROOT_CLASS = YES_ERROR;
				CLANG_WARN_RANGE_LOOP_ANALYSIS = YES;
				CLANG_WARN_STRICT_PROTOTYPES = YES;
				CLANG_WARN_SUSPICIOUS_MOVE = YES;
				CLANG_WARN_UNGUARDED_AVAILABILITY = YES_AGGRESSIVE;
				CLANG_WARN_UNREACHABLE_CODE = YES;
				CLANG_WARN__DUPLICATE_METHOD_MATCH = YES;
				CODE_SIGN_IDENTITY = "iPhone Developer";
				COPY_PHASE_STRIP = NO;
				DEBUG_INFORMATION_FORMAT = dwarf;
				ENABLE_STRICT_OBJC_MSGSEND = YES;
				ENABLE_TESTABILITY = YES;
				GCC_C_LANGUAGE_STANDARD = gnu11;
				GCC_DYNAMIC_NO_PIC = NO;
				GCC_NO_COMMON_BLOCKS = YES;
				GCC_OPTIMIZATION_LEVEL = 0;
				GCC_PREPROCESSOR_DEFINITIONS = (
					"DEBUG=1",
					"$(inherited)",
				);
				GCC_WARN_64_TO_32_BIT_CONVERSION = YES;
				GCC_WARN_ABOUT_RETURN_TYPE = YES_ERROR;
				GCC_WARN_UNDECLARED_SELECTOR = YES;
				GCC_WARN_UNINITIALIZED_AUTOS = YES_AGGRESSIVE;
				GCC_WARN_UNUSED_FUNCTION = YES;
				GCC_WARN_UNUSED_VARIABLE = YES;
				IPHONEOS_DEPLOYMENT_TARGET = 11.4;
				MTL_ENABLE_DEBUG_INFO = YES;
				ONLY_ACTIVE_ARCH = YES;
				SDKROOT = iphoneos;
			};
			name = Debug;
		};
		0EB379FF20D0BD6E009BD15B /* Release */ = {
			isa = XCBuildConfiguration;
			buildSettings = {
				ALWAYS_SEARCH_USER_PATHS = NO;
				CLANG_ANALYZER_NONNULL = YES;
				CLANG_ANALYZER_NUMBER_OBJECT_CONVERSION = YES_AGGRESSIVE;
				CLANG_CXX_LANGUAGE_STANDARD = "gnu++14";
				CLANG_CXX_LIBRARY = "libc++";
				CLANG_ENABLE_MODULES = YES;
				CLANG_ENABLE_OBJC_ARC = YES;
				CLANG_ENABLE_OBJC_WEAK = YES;
				CLANG_WARN_BLOCK_CAPTURE_AUTORELEASING = YES;
				CLANG_WARN_BOOL_CONVERSION = YES;
				CLANG_WARN_COMMA = YES;
				CLANG_WARN_CONSTANT_CONVERSION = YES;
				CLANG_WARN_DEPRECATED_OBJC_IMPLEMENTATIONS = YES;
				CLANG_WARN_DIRECT_OBJC_ISA_USAGE = YES_ERROR;
				CLANG_WARN_DOCUMENTATION_COMMENTS = YES;
				CLANG_WARN_EMPTY_BODY = YES;
				CLANG_WARN_ENUM_CONVERSION = YES;
				CLANG_WARN_INFINITE_RECURSION = YES;
				CLANG_WARN_INT_CONVERSION = YES;
				CLANG_WARN_NON_LITERAL_NULL_CONVERSION = YES;
				CLANG_WARN_OBJC_IMPLICIT_RETAIN_SELF = YES;
				CLANG_WARN_OBJC_LITERAL_CONVERSION = YES;
				CLANG_WARN_OBJC_ROOT_CLASS = YES_ERROR;
				CLANG_WARN_RANGE_LOOP_ANALYSIS = YES;
				CLANG_WARN_STRICT_PROTOTYPES = YES;
				CLANG_WARN_SUSPICIOUS_MOVE = YES;
				CLANG_WARN_UNGUARDED_AVAILABILITY = YES_AGGRESSIVE;
				CLANG_WARN_UNREACHABLE_CODE = YES;
				CLANG_WARN__DUPLICATE_METHOD_MATCH = YES;
				CODE_SIGN_IDENTITY = "iPhone Developer";
				COPY_PHASE_STRIP = NO;
				DEBUG_INFORMATION_FORMAT = "dwarf-with-dsym";
				ENABLE_NS_ASSERTIONS = NO;
				ENABLE_STRICT_OBJC_MSGSEND = YES;
				GCC_C_LANGUAGE_STANDARD = gnu11;
				GCC_NO_COMMON_BLOCKS = YES;
				GCC_WARN_64_TO_32_BIT_CONVERSION = YES;
				GCC_WARN_ABOUT_RETURN_TYPE = YES_ERROR;
				GCC_WARN_UNDECLARED_SELECTOR = YES;
				GCC_WARN_UNINITIALIZED_AUTOS = YES_AGGRESSIVE;
				GCC_WARN_UNUSED_FUNCTION = YES;
				GCC_WARN_UNUSED_VARIABLE = YES;
				IPHONEOS_DEPLOYMENT_TARGET = 11.4;
				MTL_ENABLE_DEBUG_INFO = NO;
				SDKROOT = iphoneos;
				VALIDATE_PRODUCT = YES;
			};
			name = Release;
		};
		0EB37A0120D0BD6E009BD15B /* Debug */ = {
			isa = XCBuildConfiguration;
			buildSettings = {
				ASSETCATALOG_COMPILER_APPICON_NAME = AppIcon;
				CODE_SIGN_STYLE = Automatic;
				INFOPLIST_FILE = DecoratorPattern/Info.plist;
				LD_RUNPATH_SEARCH_PATHS = (
					"$(inherited)",
					"@executable_path/Frameworks",
				);
				PRODUCT_BUNDLE_IDENTIFIER = "---.DecoratorPattern";
				PRODUCT_NAME = "$(TARGET_NAME)";
				TARGETED_DEVICE_FAMILY = "1,2";
			};
			name = Debug;
		};
		0EB37A0220D0BD6E009BD15B /* Release */ = {
			isa = XCBuildConfiguration;
			buildSettings = {
				ASSETCATALOG_COMPILER_APPICON_NAME = AppIcon;
				CODE_SIGN_STYLE = Automatic;
				INFOPLIST_FILE = DecoratorPattern/Info.plist;
				LD_RUNPATH_SEARCH_PATHS = (
					"$(inherited)",
					"@executable_path/Frameworks",
				);
				PRODUCT_BUNDLE_IDENTIFIER = "---.DecoratorPattern";
				PRODUCT_NAME = "$(TARGET_NAME)";
				TARGETED_DEVICE_FAMILY = "1,2";
			};
			name = Release;
		};
		0EB37A0420D0BD6E009BD15B /* Debug */ = {
			isa = XCBuildConfiguration;
			buildSettings = {
				BUNDLE_LOADER = "$(TEST_HOST)";
				CODE_SIGN_STYLE = Automatic;
				INFOPLIST_FILE = DecoratorPatternTests/Info.plist;
				LD_RUNPATH_SEARCH_PATHS = (
					"$(inherited)",
					"@executable_path/Frameworks",
					"@loader_path/Frameworks",
				);
				PRODUCT_BUNDLE_IDENTIFIER = "---.DecoratorPatternTests";
				PRODUCT_NAME = "$(TARGET_NAME)";
				TARGETED_DEVICE_FAMILY = "1,2";
				TEST_HOST = "$(BUILT_PRODUCTS_DIR)/DecoratorPattern.app/DecoratorPattern";
			};
			name = Debug;
		};
		0EB37A0520D0BD6E009BD15B /* Release */ = {
			isa = XCBuildConfiguration;
			buildSettings = {
				BUNDLE_LOADER = "$(TEST_HOST)";
				CODE_SIGN_STYLE = Automatic;
				INFOPLIST_FILE = DecoratorPatternTests/Info.plist;
				LD_RUNPATH_SEARCH_PATHS = (
					"$(inherited)",
					"@executable_path/Frameworks",
					"@loader_path/Frameworks",
				);
				PRODUCT_BUNDLE_IDENTIFIER = "---.DecoratorPatternTests";
				PRODUCT_NAME = "$(TARGET_NAME)";
				TARGETED_DEVICE_FAMILY = "1,2";
				TEST_HOST = "$(BUILT_PRODUCTS_DIR)/DecoratorPattern.app/DecoratorPattern";
			};
			name = Release;
		};
		0EB37A0720D0BD6E009BD15B /* Debug */ = {
			isa = XCBuildConfiguration;
			buildSettings = {
				CODE_SIGN_STYLE = Automatic;
				INFOPLIST_FILE = DecoratorPatternUITests/Info.plist;
				LD_RUNPATH_SEARCH_PATHS = (
					"$(inherited)",
					"@executable_path/Frameworks",
					"@loader_path/Frameworks",
				);
				PRODUCT_BUNDLE_IDENTIFIER = "---.DecoratorPatternUITests";
				PRODUCT_NAME = "$(TARGET_NAME)";
				TARGETED_DEVICE_FAMILY = "1,2";
				TEST_TARGET_NAME = DecoratorPattern;
			};
			name = Debug;
		};
		0EB37A0820D0BD6E009BD15B /* Release */ = {
			isa = XCBuildConfiguration;
			buildSettings = {
				CODE_SIGN_STYLE = Automatic;
				INFOPLIST_FILE = DecoratorPatternUITests/Info.plist;
				LD_RUNPATH_SEARCH_PATHS = (
					"$(inherited)",
					"@executable_path/Frameworks",
					"@loader_path/Frameworks",
				);
				PRODUCT_BUNDLE_IDENTIFIER = "---.DecoratorPatternUITests";
				PRODUCT_NAME = "$(TARGET_NAME)";
				TARGETED_DEVICE_FAMILY = "1,2";
				TEST_TARGET_NAME = DecoratorPattern;
			};
			name = Release;
		};
/* End XCBuildConfiguration section */

/* Begin XCConfigurationList section */
		0EB379CF20D0BD6D009BD15B /* Build configuration list for PBXProject "DecoratorPattern" */ = {
			isa = XCConfigurationList;
			buildConfigurations = (
				0EB379FE20D0BD6E009BD15B /* Debug */,
				0EB379FF20D0BD6E009BD15B /* Release */,
			);
			defaultConfigurationIsVisible = 0;
			defaultConfigurationName = Release;
		};
		0EB37A0020D0BD6E009BD15B /* Build configuration list for PBXNativeTarget "DecoratorPattern" */ = {
			isa = XCConfigurationList;
			buildConfigurations = (
				0EB37A0120D0BD6E009BD15B /* Debug */,
				0EB37A0220D0BD6E009BD15B /* Release */,
			);
			defaultConfigurationIsVisible = 0;
			defaultConfigurationName = Release;
		};
		0EB37A0320D0BD6E009BD15B /* Build configuration list for PBXNativeTarget "DecoratorPatternTests" */ = {
			isa = XCConfigurationList;
			buildConfigurations = (
				0EB37A0420D0BD6E009BD15B /* Debug */,
				0EB37A0520D0BD6E009BD15B /* Release */,
			);
			defaultConfigurationIsVisible = 0;
			defaultConfigurationName = Release;
		};
		0EB37A0620D0BD6E009BD15B /* Build configuration list for PBXNativeTarget "DecoratorPatternUITests" */ = {
			isa = XCConfigurationList;
			buildConfigurations = (
				0EB37A0720D0BD6E009BD15B /* Debug */,
				0EB37A0820D0BD6E009BD15B /* Release */,
			);
			defaultConfigurationIsVisible = 0;
			defaultConfigurationName = Release;
		};
/* End XCConfigurationList section */
	};
	rootObject = 0EB379CC20D0BD6D009BD15B /* Project object */;
}
