// !$*UTF8*$!
{
	archiveVersion = 1;
	classes = {
	};
	objectVersion = 50;
	objects = {

/* Begin PBXBuildFile section */
		0E4759BE20CF7A2500003E68 /* AppDelegate.m in Sources */ = {isa = PBXBuildFile; fileRef = 0E4759BD20CF7A2500003E68 /* AppDelegate.m */; };
		0E4759C120CF7A2500003E68 /* ViewController.m in Sources */ = {isa = PBXBuildFile; fileRef = 0E4759C020CF7A2500003E68 /* ViewController.m */; };
		0E4759C420CF7A2500003E68 /* Main.storyboard in Resources */ = {isa = PBXBuildFile; fileRef = 0E4759C220CF7A2500003E68 /* Main.storyboard */; };
		0E4759C620CF7A2F00003E68 /* Assets.xcassets in Resources */ = {isa = PBXBuildFile; fileRef = 0E4759C520CF7A2F00003E68 /* Assets.xcassets */; };
		0E4759C920CF7A2F00003E68 /* LaunchScreen.storyboard in Resources */ = {isa = PBXBuildFile; fileRef = 0E4759C720CF7A2F00003E68 /* LaunchScreen.storyboard */; };
		0E4759CC20CF7A2F00003E68 /* main.m in Sources */ = {isa = PBXBuildFile; fileRef = 0E4759CB20CF7A2F00003E68 /* main.m */; };
		0E4759D620CF7A2F00003E68 /* ObserverPatternTests.m in Sources */ = {isa = PBXBuildFile; fileRef = 0E4759D520CF7A2F00003E68 /* ObserverPatternTests.m */; };
		0E4759E120CF7A2F00003E68 /* ObserverPatternUITests.m in Sources */ = {isa = PBXBuildFile; fileRef = 0E4759E020CF7A2F00003E68 /* ObserverPatternUITests.m */; };
		0E4759F020CFB08400003E68 /* SubscriptionServiceCenter.m in Sources */ = {isa = PBXBuildFile; fileRef = 0E4759EF20CFB08400003E68 /* SubscriptionServiceCenter.m */; };
/* End PBXBuildFile section */

/* Begin PBXContainerItemProxy section */
		0E4759D220CF7A2F00003E68 /* PBXContainerItemProxy */ = {
			isa = PBXContainerItemProxy;
			containerPortal = 0E4759B120CF7A2500003E68 /* Project object */;
			proxyType = 1;
			remoteGlobalIDString = 0E4759B820CF7A2500003E68;
			remoteInfo = ObserverPattern;
		};
		0E4759DD20CF7A2F00003E68 /* PBXContainerItemProxy */ = {
			isa = PBXContainerItemProxy;
			containerPortal = 0E4759B120CF7A2500003E68 /* Project object */;
			proxyType = 1;
			remoteGlobalIDString = 0E4759B820CF7A2500003E68;
			remoteInfo = ObserverPattern;
		};
/* End PBXContainerItemProxy section */

/* Begin PBXFileReference section */
		0E4759B920CF7A2500003E68 /* ObserverPattern.app */ = {isa = PBXFileReference; explicitFileType = wrapper.application; includeInIndex = 0; path = ObserverPattern.app; sourceTree = BUILT_PRODUCTS_DIR; };
		0E4759BC20CF7A2500003E68 /* AppDelegate.h */ = {isa = PBXFileReference; lastKnownFileType = sourcecode.c.h; path = AppDelegate.h; sourceTree = "<group>"; };
		0E4759BD20CF7A2500003E68 /* AppDelegate.m */ = {isa = PBXFileReference; lastKnownFileType = sourcecode.c.objc; path = AppDelegate.m; sourceTree = "<group>"; };
		0E4759BF20CF7A2500003E68 /* ViewController.h */ = {isa = PBXFileReference; lastKnownFileType = sourcecode.c.h; path = ViewController.h; sourceTree = "<group>"; };
		0E4759C020CF7A2500003E68 /* ViewController.m */ = {isa = PBXFileReference; lastKnownFileType = sourcecode.c.objc; path = ViewController.m; sourceTree = "<group>"; };
		0E4759C320CF7A2500003E68 /* Base */ = {isa = PBXFileReference; lastKnownFileType = file.storyboard; name = Base; path = Base.lproj/Main.storyboard; sourceTree = "<group>"; };
		0E4759C520CF7A2F00003E68 /* Assets.xcassets */ = {isa = PBXFileReference; lastKnownFileType = folder.assetcatalog; path = Assets.xcassets; sourceTree = "<group>"; };
		0E4759C820CF7A2F00003E68 /* Base */ = {isa = PBXFileReference; lastKnownFileType = file.storyboard; name = Base; path = Base.lproj/LaunchScreen.storyboard; sourceTree = "<group>"; };
		0E4759CA20CF7A2F00003E68 /* Info.plist */ = {isa = PBXFileReference; lastKnownFileType = text.plist.xml; path = Info.plist; sourceTree = "<group>"; };
		0E4759CB20CF7A2F00003E68 /* main.m */ = {isa = PBXFileReference; lastKnownFileType = sourcecode.c.objc; path = main.m; sourceTree = "<group>"; };
		0E4759D120CF7A2F00003E68 /* ObserverPatternTests.xctest */ = {isa = PBXFileReference; explicitFileType = wrapper.cfbundle; includeInIndex = 0; path = ObserverPatternTests.xctest; sourceTree = BUILT_PRODUCTS_DIR; };
		0E4759D520CF7A2F00003E68 /* ObserverPatternTests.m */ = {isa = PBXFileReference; lastKnownFileType = sourcecode.c.objc; path = ObserverPatternTests.m; sourceTree = "<group>"; };
		0E4759D720CF7A2F00003E68 /* Info.plist */ = {isa = PBXFileReference; lastKnownFileType = text.plist.xml; path = Info.plist; sourceTree = "<group>"; };
		0E4759DC20CF7A2F00003E68 /* ObserverPatternUITests.xctest */ = {isa = PBXFileReference; explicitFileType = wrapper.cfbundle; includeInIndex = 0; path = ObserverPatternUITests.xctest; sourceTree = BUILT_PRODUCTS_DIR; };
		0E4759E020CF7A2F00003E68 /* ObserverPatternUITests.m */ = {isa = PBXFileReference; lastKnownFileType = sourcecode.c.objc; path = ObserverPatternUITests.m; sourceTree = "<group>"; };
		0E4759E220CF7A2F00003E68 /* Info.plist */ = {isa = PBXFileReference; lastKnownFileType = text.plist.xml; path = Info.plist; sourceTree = "<group>"; };
		0E4759EE20CFB08400003E68 /* SubscriptionServiceCenter.h */ = {isa = PBXFileReference; lastKnownFileType = sourcecode.c.h; path = SubscriptionServiceCenter.h; sourceTree = "<group>"; };
		0E4759EF20CFB08400003E68 /* SubscriptionServiceCenter.m */ = {isa = PBXFileReference; lastKnownFileType = sourcecode.c.objc; path = SubscriptionServiceCenter.m; sourceTree = "<group>"; };
		0E4759F120CFB34400003E68 /* SubscriptionServiceCenterProtocol.h */ = {isa = PBXFileReference; lastKnownFileType = sourcecode.c.h; path = SubscriptionServiceCenterProtocol.h; sourceTree = "<group>"; };
/* End PBXFileReference section */

/* Begin PBXFrameworksBuildPhase section */
		0E4759B620CF7A2500003E68 /* Frameworks */ = {
			isa = PBXFrameworksBuildPhase;
			buildActionMask = 2147483647;
			files = (
			);
			runOnlyForDeploymentPostprocessing = 0;
		};
		0E4759CE20CF7A2F00003E68 /* Frameworks */ = {
			isa = PBXFrameworksBuildPhase;
			buildActionMask = 2147483647;
			files = (
			);
			runOnlyForDeploymentPostprocessing = 0;
		};
		0E4759D920CF7A2F00003E68 /* Frameworks */ = {
			isa = PBXFrameworksBuildPhase;
			buildActionMask = 2147483647;
			files = (
			);
			runOnlyForDeploymentPostprocessing = 0;
		};
/* End PBXFrameworksBuildPhase section */

/* Begin PBXGroup section */
		0E4759B020CF7A2500003E68 = {
			isa = PBXGroup;
			children = (
				0E4759BB20CF7A2500003E68 /* ObserverPattern */,
				0E4759D420CF7A2F00003E68 /* ObserverPatternTests */,
				0E4759DF20CF7A2F00003E68 /* ObserverPatternUITests */,
				0E4759BA20CF7A2500003E68 /* Products */,
			);
			sourceTree = "<group>";
		};
		0E4759BA20CF7A2500003E68 /* Products */ = {
			isa = PBXGroup;
			children = (
				0E4759B920CF7A2500003E68 /* ObserverPattern.app */,
				0E4759D120CF7A2F00003E68 /* ObserverPatternTests.xctest */,
				0E4759DC20CF7A2F00003E68 /* ObserverPatternUITests.xctest */,
			);
			name = Products;
			sourceTree = "<group>";
		};
		0E4759BB20CF7A2500003E68 /* ObserverPattern */ = {
			isa = PBXGroup;
			children = (
				0E4759BC20CF7A2500003E68 /* AppDelegate.h */,
				0E4759BD20CF7A2500003E68 /* AppDelegate.m */,
				0E4759BF20CF7A2500003E68 /* ViewController.h */,
				0E4759C020CF7A2500003E68 /* ViewController.m */,
				0E4759EE20CFB08400003E68 /* SubscriptionServiceCenter.h */,
				0E4759EF20CFB08400003E68 /* SubscriptionServiceCenter.m */,
				0E4759F120CFB34400003E68 /* SubscriptionServiceCenterProtocol.h */,
				0E4759C220CF7A2500003E68 /* Main.storyboard */,
				0E4759C520CF7A2F00003E68 /* Assets.xcassets */,
				0E4759C720CF7A2F00003E68 /* LaunchScreen.storyboard */,
				0E4759CA20CF7A2F00003E68 /* Info.plist */,
				0E4759CB20CF7A2F00003E68 /* main.m */,
			);
			path = ObserverPattern;
			sourceTree = "<group>";
		};
		0E4759D420CF7A2F00003E68 /* ObserverPatternTests */ = {
			isa = PBXGroup;
			children = (
				0E4759D520CF7A2F00003E68 /* ObserverPatternTests.m */,
				0E4759D720CF7A2F00003E68 /* Info.plist */,
			);
			path = ObserverPatternTests;
			sourceTree = "<group>";
		};
		0E4759DF20CF7A2F00003E68 /* ObserverPatternUITests */ = {
			isa = PBXGroup;
			children = (
				0E4759E020CF7A2F00003E68 /* ObserverPatternUITests.m */,
				0E4759E220CF7A2F00003E68 /* Info.plist */,
			);
			path = ObserverPatternUITests;
			sourceTree = "<group>";
		};
/* End PBXGroup section */

/* Begin PBXNativeTarget section */
		0E4759B820CF7A2500003E68 /* ObserverPattern */ = {
			isa = PBXNativeTarget;
			buildConfigurationList = 0E4759E520CF7A2F00003E68 /* Build configuration list for PBXNativeTarget "ObserverPattern" */;
			buildPhases = (
				0E4759B520CF7A2500003E68 /* Sources */,
				0E4759B620CF7A2500003E68 /* Frameworks */,
				0E4759B720CF7A2500003E68 /* Resources */,
			);
			buildRules = (
			);
			dependencies = (
			);
			name = ObserverPattern;
			productName = ObserverPattern;
			productReference = 0E4759B920CF7A2500003E68 /* ObserverPattern.app */;
			productType = "com.apple.product-type.application";
		};
		0E4759D020CF7A2F00003E68 /* ObserverPatternTests */ = {
			isa = PBXNativeTarget;
			buildConfigurationList = 0E4759E820CF7A2F00003E68 /* Build configuration list for PBXNativeTarget "ObserverPatternTests" */;
			buildPhases = (
				0E4759CD20CF7A2F00003E68 /* Sources */,
				0E4759CE20CF7A2F00003E68 /* Frameworks */,
				0E4759CF20CF7A2F00003E68 /* Resources */,
			);
			buildRules = (
			);
			dependencies = (
				0E4759D320CF7A2F00003E68 /* PBXTargetDependency */,
			);
			name = ObserverPatternTests;
			productName = ObserverPatternTests;
			productReference = 0E4759D120CF7A2F00003E68 /* ObserverPatternTests.xctest */;
			productType = "com.apple.product-type.bundle.unit-test";
		};
		0E4759DB20CF7A2F00003E68 /* ObserverPatternUITests */ = {
			isa = PBXNativeTarget;
			buildConfigurationList = 0E4759EB20CF7A2F00003E68 /* Build configuration list for PBXNativeTarget "ObserverPatternUITests" */;
			buildPhases = (
				0E4759D820CF7A2F00003E68 /* Sources */,
				0E4759D920CF7A2F00003E68 /* Frameworks */,
				0E4759DA20CF7A2F00003E68 /* Resources */,
			);
			buildRules = (
			);
			dependencies = (
				0E4759DE20CF7A2F00003E68 /* PBXTargetDependency */,
			);
			name = ObserverPatternUITests;
			productName = ObserverPatternUITests;
			productReference = 0E4759DC20CF7A2F00003E68 /* ObserverPatternUITests.xctest */;
			productType = "com.apple.product-type.bundle.ui-testing";
		};
/* End PBXNativeTarget section */

/* Begin PBXProject section */
		0E4759B120CF7A2500003E68 /* Project object */ = {
			isa = PBXProject;
			attributes = {
				LastUpgradeCheck = 0940;
				ORGANIZATIONNAME = HelloAda;
				TargetAttributes = {
					0E4759B820CF7A2500003E68 = {
						CreatedOnToolsVersion = 9.4;
					};
					0E4759D020CF7A2F00003E68 = {
						CreatedOnToolsVersion = 9.4;
						TestTargetID = 0E4759B820CF7A2500003E68;
					};
					0E4759DB20CF7A2F00003E68 = {
						CreatedOnToolsVersion = 9.4;
						TestTargetID = 0E4759B820CF7A2500003E68;
					};
				};
			};
			buildConfigurationList = 0E4759B420CF7A2500003E68 /* Build configuration list for PBXProject "ObserverPattern" */;
			compatibilityVersion = "Xcode 9.3";
			developmentRegion = en;
			hasScannedForEncodings = 0;
			knownRegions = (
				en,
				Base,
			);
			mainGroup = 0E4759B020CF7A2500003E68;
			productRefGroup = 0E4759BA20CF7A2500003E68 /* Products */;
			projectDirPath = "";
			projectRoot = "";
			targets = (
				0E4759B820CF7A2500003E68 /* ObserverPattern */,
				0E4759D020CF7A2F00003E68 /* ObserverPatternTests */,
				0E4759DB20CF7A2F00003E68 /* ObserverPatternUITests */,
			);
		};
/* End PBXProject section */

/* Begin PBXResourcesBuildPhase section */
		0E4759B720CF7A2500003E68 /* Resources */ = {
			isa = PBXResourcesBuildPhase;
			buildActionMask = 2147483647;
			files = (
				0E4759C920CF7A2F00003E68 /* LaunchScreen.storyboard in Resources */,
				0E4759C620CF7A2F00003E68 /* Assets.xcassets in Resources */,
				0E4759C420CF7A2500003E68 /* Main.storyboard in Resources */,
			);
			runOnlyForDeploymentPostprocessing = 0;
		};
		0E4759CF20CF7A2F00003E68 /* Resources */ = {
			isa = PBXResourcesBuildPhase;
			buildActionMask = 2147483647;
			files = (
			);
			runOnlyForDeploymentPostprocessing = 0;
		};
		0E4759DA20CF7A2F00003E68 /* Resources */ = {
			isa = PBXResourcesBuildPhase;
			buildActionMask = 2147483647;
			files = (
			);
			runOnlyForDeploymentPostprocessing = 0;
		};
/* End PBXResourcesBuildPhase section */

/* Begin PBXSourcesBuildPhase section */
		0E4759B520CF7A2500003E68 /* Sources */ = {
			isa = PBXSourcesBuildPhase;
			buildActionMask = 2147483647;
			files = (
				0E4759C120CF7A2500003E68 /* ViewController.m in Sources */,
				0E4759F020CFB08400003E68 /* SubscriptionServiceCenter.m in Sources */,
				0E4759CC20CF7A2F00003E68 /* main.m in Sources */,
				0E4759BE20CF7A2500003E68 /* AppDelegate.m in Sources */,
			);
			runOnlyForDeploymentPostprocessing = 0;
		};
		0E4759CD20CF7A2F00003E68 /* Sources */ = {
			isa = PBXSourcesBuildPhase;
			buildActionMask = 2147483647;
			files = (
				0E4759D620CF7A2F00003E68 /* ObserverPatternTests.m in Sources */,
			);
			runOnlyForDeploymentPostprocessing = 0;
		};
		0E4759D820CF7A2F00003E68 /* Sources */ = {
			isa = PBXSourcesBuildPhase;
			buildActionMask = 2147483647;
			files = (
				0E4759E120CF7A2F00003E68 /* ObserverPatternUITests.m in Sources */,
			);
			runOnlyForDeploymentPostprocessing = 0;
		};
/* End PBXSourcesBuildPhase section */

/* Begin PBXTargetDependency section */
		0E4759D320CF7A2F00003E68 /* PBXTargetDependency */ = {
			isa = PBXTargetDependency;
			target = 0E4759B820CF7A2500003E68 /* ObserverPattern */;
			targetProxy = 0E4759D220CF7A2F00003E68 /* PBXContainerItemProxy */;
		};
		0E4759DE20CF7A2F00003E68 /* PBXTargetDependency */ = {
			isa = PBXTargetDependency;
			target = 0E4759B820CF7A2500003E68 /* ObserverPattern */;
			targetProxy = 0E4759DD20CF7A2F00003E68 /* PBXContainerItemProxy */;
		};
/* End PBXTargetDependency section */

/* Begin PBXVariantGroup section */
		0E4759C220CF7A2500003E68 /* Main.storyboard */ = {
			isa = PBXVariantGroup;
			children = (
				0E4759C320CF7A2500003E68 /* Base */,
			);
			name = Main.storyboard;
			sourceTree = "<group>";
		};
		0E4759C720CF7A2F00003E68 /* LaunchScreen.storyboard */ = {
			isa = PBXVariantGroup;
			children = (
				0E4759C820CF7A2F00003E68 /* Base */,
			);
			name = LaunchScreen.storyboard;
			sourceTree = "<group>";
		};
/* End PBXVariantGroup section */

/* Begin XCBuildConfiguration section */
		0E4759E320CF7A2F00003E68 /* Debug */ = {
			isa = XCBuildConfiguration;
			buildSettings = {
				ALWAYS_SEARCH_USER_PATHS = NO;
				CLANG_ANALYZER_NONNULL = YES;
				CLANG_ANALYZER_NUMBER_OBJECT_CONVERSION = YES_AGGRESSIVE;
				CLANG_CXX_LANGUAGE_STANDARD = "gnu++14";
				CLANG_CXX_LIBRARY = "libc++";
				CLANG_ENABLE_MODULES = YES;
				CLANG_ENABLE_OBJC_ARC = YES;
				CLANG_ENABLE_OBJC_WEAK = YES;
				CLANG_WARN_BLOCK_CAPTURE_AUTORELEASING = YES;
				CLANG_WARN_BOOL_CONVERSION = YES;
				CLANG_WARN_COMMA = YES;
				CLANG_WARN_CONSTANT_CONVERSION = YES;
				CLANG_WARN_DEPRECATED_OBJC_IMPLEMENTATIONS = YES;
				CLANG_WARN_DIRECT_OBJC_ISA_USAGE = YES_ERROR;
				CLANG_WARN_DOCUMENTATION_COMMENTS = YES;
				CLANG_WARN_EMPTY_BODY = YES;
				CLANG_WARN_ENUM_CONVERSION = YES;
				CLANG_WARN_INFINITE_RECURSION = YES;
				CLANG_WARN_INT_CONVERSION = YES;
				CLANG_WARN_NON_LITERAL_NULL_CONVERSION = YES;
				CLANG_WARN_OBJC_IMPLICIT_RETAIN_SELF = YES;
				CLANG_WARN_OBJC_LITERAL_CONVERSION = YES;
				CLANG_WARN_OBJC_ROOT_CLASS = YES_ERROR;
				CLANG_WARN_RANGE_LOOP_ANALYSIS = YES;
				CLANG_WARN_STRICT_PROTOTYPES = YES;
				CLANG_WARN_SUSPICIOUS_MOVE = YES;
				CLANG_WARN_UNGUARDED_AVAILABILITY = YES_AGGRESSIVE;
				CLANG_WARN_UNREACHABLE_CODE = YES;
				CLANG_WARN__DUPLICATE_METHOD_MATCH = YES;
				CODE_SIGN_IDENTITY = "iPhone Developer";
				COPY_PHASE_STRIP = NO;
				DEBUG_INFORMATION_FORMAT = dwarf;
				ENABLE_STRICT_OBJC_MSGSEND = YES;
				ENABLE_TESTABILITY = YES;
				GCC_C_LANGUAGE_STANDARD = gnu11;
				GCC_DYNAMIC_NO_PIC = NO;
				GCC_NO_COMMON_BLOCKS = YES;
				GCC_OPTIMIZATION_LEVEL = 0;
				GCC_PREPROCESSOR_DEFINITIONS = (
					"DEBUG=1",
					"$(inherited)",
				);
				GCC_WARN_64_TO_32_BIT_CONVERSION = YES;
				GCC_WARN_ABOUT_RETURN_TYPE = YES_ERROR;
				GCC_WARN_UNDECLARED_SELECTOR = YES;
				GCC_WARN_UNINITIALIZED_AUTOS = YES_AGGRESSIVE;
				GCC_WARN_UNUSED_FUNCTION = YES;
				GCC_WARN_UNUSED_VARIABLE = YES;
				IPHONEOS_DEPLOYMENT_TARGET = 11.4;
				MTL_ENABLE_DEBUG_INFO = YES;
				ONLY_ACTIVE_ARCH = YES;
				SDKROOT = iphoneos;
			};
			name = Debug;
		};
		0E4759E420CF7A2F00003E68 /* Release */ = {
			isa = XCBuildConfiguration;
			buildSettings = {
				ALWAYS_SEARCH_USER_PATHS = NO;
				CLANG_ANALYZER_NONNULL = YES;
				CLANG_ANALYZER_NUMBER_OBJECT_CONVERSION = YES_AGGRESSIVE;
				CLANG_CXX_LANGUAGE_STANDARD = "gnu++14";
				CLANG_CXX_LIBRARY = "libc++";
				CLANG_ENABLE_MODULES = YES;
				CLANG_ENABLE_OBJC_ARC = YES;
				CLANG_ENABLE_OBJC_WEAK = YES;
				CLANG_WARN_BLOCK_CAPTURE_AUTORELEASING = YES;
				CLANG_WARN_BOOL_CONVERSION = YES;
				CLANG_WARN_COMMA = YES;
				CLANG_WARN_CONSTANT_CONVERSION = YES;
				CLANG_WARN_DEPRECATED_OBJC_IMPLEMENTATIONS = YES;
				CLANG_WARN_DIRECT_OBJC_ISA_USAGE = YES_ERROR;
				CLANG_WARN_DOCUMENTATION_COMMENTS = YES;
				CLANG_WARN_EMPTY_BODY = YES;
				CLANG_WARN_ENUM_CONVERSION = YES;
				CLANG_WARN_INFINITE_RECURSION = YES;
				CLANG_WARN_INT_CONVERSION = YES;
				CLANG_WARN_NON_LITERAL_NULL_CONVERSION = YES;
				CLANG_WARN_OBJC_IMPLICIT_RETAIN_SELF = YES;
				CLANG_WARN_OBJC_LITERAL_CONVERSION = YES;
				CLANG_WARN_OBJC_ROOT_CLASS = YES_ERROR;
				CLANG_WARN_RANGE_LOOP_ANALYSIS = YES;
				CLANG_WARN_STRICT_PROTOTYPES = YES;
				CLANG_WARN_SUSPICIOUS_MOVE = YES;
				CLANG_WARN_UNGUARDED_AVAILABILITY = YES_AGGRESSIVE;
				CLANG_WARN_UNREACHABLE_CODE = YES;
				CLANG_WARN__DUPLICATE_METHOD_MATCH = YES;
				CODE_SIGN_IDENTITY = "iPhone Developer";
				COPY_PHASE_STRIP = NO;
				DEBUG_INFORMATION_FORMAT = "dwarf-with-dsym";
				ENABLE_NS_ASSERTIONS = NO;
				ENABLE_STRICT_OBJC_MSGSEND = YES;
				GCC_C_LANGUAGE_STANDARD = gnu11;
				GCC_NO_COMMON_BLOCKS = YES;
				GCC_WARN_64_TO_32_BIT_CONVERSION = YES;
				GCC_WARN_ABOUT_RETURN_TYPE = YES_ERROR;
				GCC_WARN_UNDECLARED_SELECTOR = YES;
				GCC_WARN_UNINITIALIZED_AUTOS = YES_AGGRESSIVE;
				GCC_WARN_UNUSED_FUNCTION = YES;
				GCC_WARN_UNUSED_VARIABLE = YES;
				IPHONEOS_DEPLOYMENT_TARGET = 11.4;
				MTL_ENABLE_DEBUG_INFO = NO;
				SDKROOT = iphoneos;
				VALIDATE_PRODUCT = YES;
			};
			name = Release;
		};
		0E4759E620CF7A2F00003E68 /* Debug */ = {
			isa = XCBuildConfiguration;
			buildSettings = {
				ASSETCATALOG_COMPILER_APPICON_NAME = AppIcon;
				CODE_SIGN_STYLE = Automatic;
				INFOPLIST_FILE = ObserverPattern/Info.plist;
				LD_RUNPATH_SEARCH_PATHS = (
					"$(inherited)",
					"@executable_path/Frameworks",
				);
				PRODUCT_BUNDLE_IDENTIFIER = "---.ObserverPattern";
				PRODUCT_NAME = "$(TARGET_NAME)";
				TARGETED_DEVICE_FAMILY = "1,2";
			};
			name = Debug;
		};
		0E4759E720CF7A2F00003E68 /* Release */ = {
			isa = XCBuildConfiguration;
			buildSettings = {
				ASSETCATALOG_COMPILER_APPICON_NAME = AppIcon;
				CODE_SIGN_STYLE = Automatic;
				INFOPLIST_FILE = ObserverPattern/Info.plist;
				LD_RUNPATH_SEARCH_PATHS = (
					"$(inherited)",
					"@executable_path/Frameworks",
				);
				PRODUCT_BUNDLE_IDENTIFIER = "---.ObserverPattern";
				PRODUCT_NAME = "$(TARGET_NAME)";
				TARGETED_DEVICE_FAMILY = "1,2";
			};
			name = Release;
		};
		0E4759E920CF7A2F00003E68 /* Debug */ = {
			isa = XCBuildConfiguration;
			buildSettings = {
				BUNDLE_LOADER = "$(TEST_HOST)";
				CODE_SIGN_STYLE = Automatic;
				INFOPLIST_FILE = ObserverPatternTests/Info.plist;
				LD_RUNPATH_SEARCH_PATHS = (
					"$(inherited)",
					"@executable_path/Frameworks",
					"@loader_path/Frameworks",
				);
				PRODUCT_BUNDLE_IDENTIFIER = "---.ObserverPatternTests";
				PRODUCT_NAME = "$(TARGET_NAME)";
				TARGETED_DEVICE_FAMILY = "1,2";
				TEST_HOST = "$(BUILT_PRODUCTS_DIR)/ObserverPattern.app/ObserverPattern";
			};
			name = Debug;
		};
		0E4759EA20CF7A2F00003E68 /* Release */ = {
			isa = XCBuildConfiguration;
			buildSettings = {
				BUNDLE_LOADER = "$(TEST_HOST)";
				CODE_SIGN_STYLE = Automatic;
				INFOPLIST_FILE = ObserverPatternTests/Info.plist;
				LD_RUNPATH_SEARCH_PATHS = (
					"$(inherited)",
					"@executable_path/Frameworks",
					"@loader_path/Frameworks",
				);
				PRODUCT_BUNDLE_IDENTIFIER = "---.ObserverPatternTests";
				PRODUCT_NAME = "$(TARGET_NAME)";
				TARGETED_DEVICE_FAMILY = "1,2";
				TEST_HOST = "$(BUILT_PRODUCTS_DIR)/ObserverPattern.app/ObserverPattern";
			};
			name = Release;
		};
		0E4759EC20CF7A2F00003E68 /* Debug */ = {
			isa = XCBuildConfiguration;
			buildSettings = {
				CODE_SIGN_STYLE = Automatic;
				INFOPLIST_FILE = ObserverPatternUITests/Info.plist;
				LD_RUNPATH_SEARCH_PATHS = (
					"$(inherited)",
					"@executable_path/Frameworks",
					"@loader_path/Frameworks",
				);
				PRODUCT_BUNDLE_IDENTIFIER = "---.ObserverPatternUITests";
				PRODUCT_NAME = "$(TARGET_NAME)";
				TARGETED_DEVICE_FAMILY = "1,2";
				TEST_TARGET_NAME = ObserverPattern;
			};
			name = Debug;
		};
		0E4759ED20CF7A2F00003E68 /* Release */ = {
			isa = XCBuildConfiguration;
			buildSettings = {
				CODE_SIGN_STYLE = Automatic;
				INFOPLIST_FILE = ObserverPatternUITests/Info.plist;
				LD_RUNPATH_SEARCH_PATHS = (
					"$(inherited)",
					"@executable_path/Frameworks",
					"@loader_path/Frameworks",
				);
				PRODUCT_BUNDLE_IDENTIFIER = "---.ObserverPatternUITests";
				PRODUCT_NAME = "$(TARGET_NAME)";
				TARGETED_DEVICE_FAMILY = "1,2";
				TEST_TARGET_NAME = ObserverPattern;
			};
			name = Release;
		};
/* End XCBuildConfiguration section */

/* Begin XCConfigurationList section */
		0E4759B420CF7A2500003E68 /* Build configuration list for PBXProject "ObserverPattern" */ = {
			isa = XCConfigurationList;
			buildConfigurations = (
				0E4759E320CF7A2F00003E68 /* Debug */,
				0E4759E420CF7A2F00003E68 /* Release */,
			);
			defaultConfigurationIsVisible = 0;
			defaultConfigurationName = Release;
		};
		0E4759E520CF7A2F00003E68 /* Build configuration list for PBXNativeTarget "ObserverPattern" */ = {
			isa = XCConfigurationList;
			buildConfigurations = (
				0E4759E620CF7A2F00003E68 /* Debug */,
				0E4759E720CF7A2F00003E68 /* Release */,
			);
			defaultConfigurationIsVisible = 0;
			defaultConfigurationName = Release;
		};
		0E4759E820CF7A2F00003E68 /* Build configuration list for PBXNativeTarget "ObserverPatternTests" */ = {
			isa = XCConfigurationList;
			buildConfigurations = (
				0E4759E920CF7A2F00003E68 /* Debug */,
				0E4759EA20CF7A2F00003E68 /* Release */,
			);
			defaultConfigurationIsVisible = 0;
			defaultConfigurationName = Release;
		};
		0E4759EB20CF7A2F00003E68 /* Build configuration list for PBXNativeTarget "ObserverPatternUITests" */ = {
			isa = XCConfigurationList;
			buildConfigurations = (
				0E4759EC20CF7A2F00003E68 /* Debug */,
				0E4759ED20CF7A2F00003E68 /* Release */,
			);
			defaultConfigurationIsVisible = 0;
			defaultConfigurationName = Release;
		};
/* End XCConfigurationList section */
	};
	rootObject = 0E4759B120CF7A2500003E68 /* Project object */;
}
